
Microsoft Visual Studio Solution File, Format Version 12.00
# Visual Studio Version 17
VisualStudioVersion = 17.7.34202.233
MinimumVisualStudioVersion = 10.0.40219.1
Project("{FAE04EC0-301F-11D3-BF4B-00C04F79EFBC}") = "CodeExample", "CodeExample\CodeExample.csproj", "{952A7054-E87E-46CF-965F-4BE766AAB61D}"
EndProject
Global
	GlobalSection(SolutionConfigurationPlatforms) = preSolution
		Debug|Any CPU = Debug|Any CPU
		Release|Any CPU = Release|Any CPU
	EndGlobalSection
	GlobalSection(ProjectConfigurationPlatforms) = postSolution
		{952A7054-E87E-46CF-965F-4BE766AAB61D}.Debug|Any CPU.ActiveCfg = Debug|Any CPU
		{952A7054-E87E-46CF-965F-4BE766AAB61D}.Debug|Any CPU.Build.0 = Debug|Any CPU
		{952A7054-E87E-46CF-965F-4BE766AAB61D}.Release|Any CPU.ActiveCfg = Release|Any CPU
		{952A7054-E87E-46CF-965F-4BE766AAB61D}.Release|Any CPU.Build.0 = Release|Any CPU
	EndGlobalSection
	GlobalSection(SolutionProperties) = preSolution
		HideSolutionNode = FALSE
	EndGlobalSection
	GlobalSection(ExtensibilityGlobals) = postSolution
		SolutionGuid = {F982A7B8-B4A0-4B1A-9BB4-3BA8A41128FC}
	EndGlobalSection
EndGlobal
